{
  "version": 4,
  "terraform_version": "1.9.5",
  "serial": 21,
  "lineage": "55095090-b74c-a06a-247b-b78a71a4fd7e",
  "outputs": {},
  "resources": [
    {
      "mode": "managed",
      "type": "local_file",
      "name": "local_file",
      "provider": "provider[\"registry.terraform.io/hashicorp/local\"]",
      "instances": [
        {
          "schema_version": 0,
          "attributes": {
            "content": "This is a local file",
            "content_base64": null,
            "content_base64sha256": "S/63mo4rDFc3K00S1ljAadeJ7cWqY5lZIVOSYbgvGtg=",
            "content_base64sha512": "3StbCFCBLxW232jHLUR6/M+FIZID3Rxu2OhX6XpMV+Myn79eUoC3gohSiGdAaKmWjvsA7nj35sCI6Ce9z2MVvQ==",
            "content_md5": "db403a81dc518147cd0ec42c8c541f7e",
            "content_sha1": "f024c04e6a43b4ad2c9c5b272251208d0d1432d9",
            "content_sha256": "4bfeb79a8e2b0c57372b4d12d658c069d789edc5aa63995921539261b82f1ad8",
            "content_sha512": "dd2b5b0850812f15b6df68c72d447afccf85219203dd1c6ed8e857e97a4c57e3329fbf5e5280b782885288674068a9968efb00ee78f7e6c088e827bdcf6315bd",
            "directory_permission": "0777",
            "file_permission": "0777",
            "filename": "local-file.txt",
            "id": "f024c04e6a43b4ad2c9c5b272251208d0d1432d9",
            "sensitive_content": null,
            "source": null
          },
          "sensitive_attributes": [
            [
              {
                "type": "get_attr",
                "value": "sensitive_content"
              }
            ]
          ]
        }
      ]
    },
    {
      "mode": "managed",
      "type": "local_file",
      "name": "pet_file",
      "provider": "provider[\"registry.terraform.io/hashicorp/local\"]",
      "instances": [
        {
          "schema_version": 0,
          "attributes": {
            "content": "I love pets!",
            "content_base64": null,
            "content_base64sha256": "4LBQ/UV/Gxp6DWNEp+upXEfPrTTpUCpfiAkOpJixJEc=",
            "content_base64sha512": "wKb93aeKXXwWVvqgU6yfOuiKC6dLDLLWp7dclsVtlgenVx4/BUpKiEnsdA6EbHgUmSDTp/+Si9wFeXH8/46Eiw==",
            "content_md5": "3dd08189b6cbd661de6b25ed369f5746",
            "content_sha1": "7e4db4fbfdbb108bdd04692602bae3e9bd1e1b68",
            "content_sha256": "e0b050fd457f1b1a7a0d6344a7eba95c47cfad34e9502a5f88090ea498b12447",
            "content_sha512": "c0a6fddda78a5d7c1656faa053ac9f3ae88a0ba74b0cb2d6a7b75c96c56d9607a7571e3f054a4a8849ec740e846c78149920d3a7ff928bdc057971fcff8e848b",
            "directory_permission": "0777",
            "file_permission": "0700",
            "filename": "pet.txt",
            "id": "7e4db4fbfdbb108bdd04692602bae3e9bd1e1b68",
            "sensitive_content": null,
            "source": null
          },
          "sensitive_attributes": [
            [
              {
                "type": "get_attr",
                "value": "sensitive_content"
              }
            ]
          ]
        }
      ]
    },
    {
      "mode": "managed",
      "type": "random_pet",
      "name": "random_pet",
      "provider": "provider[\"registry.terraform.io/hashicorp/random\"]",
      "instances": [
        {
          "schema_version": 0,
          "attributes": {
            "id": "Mrs. communal walrus",
            "keepers": null,
            "length": 2,
            "prefix": "Mrs.",
            "separator": " "
          },
          "sensitive_attributes": []
        }
      ]
    },
    {
      "mode": "managed",
      "type": "random_string",
      "name": "random_password",
      "provider": "provider[\"registry.terraform.io/hashicorp/random\"]",
      "instances": [
        {
          "schema_version": 2,
          "attributes": {
            "id": "*UQ\u003cm$9:S9P?Q\u003eT9",
            "keepers": null,
            "length": 16,
            "lower": true,
            "min_lower": 0,
            "min_numeric": 0,
            "min_special": 0,
            "min_upper": 0,
            "number": true,
            "numeric": true,
            "override_special": null,
            "result": "*UQ\u003cm$9:S9P?Q\u003eT9",
            "special": true,
            "upper": true
          },
          "sensitive_attributes": []
        }
      ]
    }
  ],
  "check_results": null
}
